// !$*UTF8*$!
{
	archiveVersion = 1;
	classes = {
	};
	objectVersion = 46;
	objects = {

/* Begin PBXBuildFile section */
		D51857B21C0D966D003E9396 /* AppDelegate.swift in Sources */ = {isa = PBXBuildFile; fileRef = D51857B11C0D966D003E9396 /* AppDelegate.swift */; };
		D51857B41C0D966D003E9396 /* ViewController.swift in Sources */ = {isa = PBXBuildFile; fileRef = D51857B31C0D966D003E9396 /* ViewController.swift */; };
		D51857B71C0D966D003E9396 /* Main.storyboard in Resources */ = {isa = PBXBuildFile; fileRef = D51857B51C0D966D003E9396 /* Main.storyboard */; };
		D51857B91C0D966D003E9396 /* Assets.xcassets in Resources */ = {isa = PBXBuildFile; fileRef = D51857B81C0D966D003E9396 /* Assets.xcassets */; };
		D51857BC1C0D966D003E9396 /* LaunchScreen.storyboard in Resources */ = {isa = PBXBuildFile; fileRef = D51857BA1C0D966D003E9396 /* LaunchScreen.storyboard */; };
/* End PBXBuildFile section */

/* Begin PBXFileReference section */
		D51857AE1C0D966D003E9396 /* Chatalyst.app */ = {isa = PBXFileReference; explicitFileType = wrapper.application; includeInIndex = 0; path = Chatalyst.app; sourceTree = BUILT_PRODUCTS_DIR; };
		D51857B11C0D966D003E9396 /* AppDelegate.swift */ = {isa = PBXFileReference; lastKnownFileType = sourcecode.swift; path = AppDelegate.swift; sourceTree = "<group>"; };
		D51857B31C0D966D003E9396 /* ViewController.swift */ = {isa = PBXFileReference; lastKnownFileType = sourcecode.swift; path = ViewController.swift; sourceTree = "<group>"; };
		D51857B61C0D966D003E9396 /* Base */ = {isa = PBXFileReference; lastKnownFileType = file.storyboard; name = Base; path = Base.lproj/Main.storyboard; sourceTree = "<group>"; };
		D51857B81C0D966D003E9396 /* Assets.xcassets */ = {isa = PBXFileReference; lastKnownFileType = folder.assetcatalog; path = Assets.xcassets; sourceTree = "<group>"; };
		D51857BB1C0D966D003E9396 /* Base */ = {isa = PBXFileReference; lastKnownFileType = file.storyboard; name = Base; path = Base.lproj/LaunchScreen.storyboard; sourceTree = "<group>"; };
		D51857BD1C0D966D003E9396 /* Info.plist */ = {isa = PBXFileReference; lastKnownFileType = text.plist.xml; path = Info.plist; sourceTree = "<group>"; };
/* End PBXFileReference section */

/* Begin PBXFrameworksBuildPhase section */
		D51857AB1C0D966D003E9396 /* Frameworks */ = {
			isa = PBXFrameworksBuildPhase;
			buildActionMask = 2147483647;
			files = (
			);
			runOnlyForDeploymentPostprocessing = 0;
		};
/* End PBXFrameworksBuildPhase section */

/* Begin PBXGroup section */
		D51857A51C0D966D003E9396 = {
			isa = PBXGroup;
			children = (
				D51857B01C0D966D003E9396 /* Chatalyst */,
				D51857AF1C0D966D003E9396 /* Products */,
			);
			sourceTree = "<group>";
		};
		D51857AF1C0D966D003E9396 /* Products */ = {
			isa = PBXGroup;
			children = (
				D51857AE1C0D966D003E9396 /* Chatalyst.app */,
			);
			name = Products;
			sourceTree = "<group>";
		};
		D51857B01C0D966D003E9396 /* Chatalyst */ = {
			isa = PBXGroup;
			children = (
				D51857B11C0D966D003E9396 /* AppDelegate.swift */,
				D51857B31C0D966D003E9396 /* ViewController.swift */,
				D51857B51C0D966D003E9396 /* Main.storyboard */,
				D51857B81C0D966D003E9396 /* Assets.xcassets */,
				D51857BA1C0D966D003E9396 /* LaunchScreen.storyboard */,
				D51857BD1C0D966D003E9396 /* Info.plist */,
			);
			path = Chatalyst;
			sourceTree = "<group>";
		};
/* End PBXGroup section */

/* Begin PBXNativeTarget section */
		D51857AD1C0D966D003E9396 /* Chatalyst */ = {
			isa = PBXNativeTarget;
			buildConfigurationList = D51857C01C0D966D003E9396 /* Build configuration list for PBXNativeTarget "Chatalyst" */;
			buildPhases = (
				D51857AA1C0D966D003E9396 /* Sources */,
				D51857AB1C0D966D003E9396 /* Frameworks */,
				D51857AC1C0D966D003E9396 /* Resources */,
			);
			buildRules = (
			);
			dependencies = (
			);
			name = Chatalyst;
			productName = Chatalyst;
			productReference = D51857AE1C0D966D003E9396 /* Chatalyst.app */;
			productType = "com.apple.product-type.application";
		};
/* End PBXNativeTarget section */

/* Begin PBXProject section */
		D51857A61C0D966D003E9396 /* Project object */ = {
			isa = PBXProject;
			attributes = {
				LastSwiftUpdateCheck = 0710;
				LastUpgradeCheck = 0710;
				ORGANIZATIONNAME = Abheyraj;
				TargetAttributes = {
					D51857AD1C0D966D003E9396 = {
						CreatedOnToolsVersion = 7.1;
					};
				};
			};
			buildConfigurationList = D51857A91C0D966D003E9396 /* Build configuration list for PBXProject "Chatalyst" */;
			compatibilityVersion = "Xcode 3.2";
			developmentRegion = English;
			hasScannedForEncodings = 0;
			knownRegions = (
				en,
				Base,
			);
			mainGroup = D51857A51C0D966D003E9396;
			productRefGroup = D51857AF1C0D966D003E9396 /* Products */;
			projectDirPath = "";
			projectRoot = "";
			targets = (
				D51857AD1C0D966D003E9396 /* Chatalyst */,
			);
		};
/* End PBXProject section */

/* Begin PBXResourcesBuildPhase section */
		D51857AC1C0D966D003E9396 /* Resources */ = {
			isa = PBXResourcesBuildPhase;
			buildActionMask = 2147483647;
			files = (
				D51857BC1C0D966D003E9396 /* LaunchScreen.storyboard in Resources */,
				D51857B91C0D966D003E9396 /* Assets.xcassets in Resources */,
				D51857B71C0D966D003E9396 /* Main.storyboard in Resources */,
			);
			runOnlyForDeploymentPostprocessing = 0;
		};
/* End PBXResourcesBuildPhase section */

/* Begin PBXSourcesBuildPhase section */
		D51857AA1C0D966D003E9396 /* Sources */ = {
			isa = PBXSourcesBuildPhase;
			buildActionMask = 2147483647;
			files = (
				D51857B41C0D966D003E9396 /* ViewController.swift in Sources */,
				D51857B21C0D966D003E9396 /* AppDelegate.swift in Sources */,
			);
			runOnlyForDeploymentPostprocessing = 0;
		};
/* End PBXSourcesBuildPhase section */

/* Begin PBXVariantGroup section */
		D51857B51C0D966D003E9396 /* Main.storyboard */ = {
			isa = PBXVariantGroup;
			children = (
				D51857B61C0D966D003E9396 /* Base */,
			);
			name = Main.storyboard;
			sourceTree = "<group>";
		};
		D51857BA1C0D966D003E9396 /* LaunchScreen.storyboard */ = {
			isa = PBXVariantGroup;
			children = (
				D51857BB1C0D966D003E9396 /* Base */,
			);
			name = LaunchScreen.storyboard;
			sourceTree = "<group>";
		};
/* End PBXVariantGroup section */

/* Begin XCBuildConfiguration section */
		D51857BE1C0D966D003E9396 /* Debug */ = {
			isa = XCBuildConfiguration;
			buildSettings = {
				ALWAYS_SEARCH_USER_PATHS = NO;
				CLANG_CXX_LANGUAGE_STANDARD = "gnu++0x";
				CLANG_CXX_LIBRARY = "libc++";
				CLANG_ENABLE_MODULES = YES;
				CLANG_ENABLE_OBJC_ARC = YES;
				CLANG_WARN_BOOL_CONVERSION = YES;
				CLANG_WARN_CONSTANT_CONVERSION = YES;
				CLANG_WARN_DIRECT_OBJC_ISA_USAGE = YES_ERROR;
				CLANG_WARN_EMPTY_BODY = YES;
				CLANG_WARN_ENUM_CONVERSION = YES;
				CLANG_WARN_INT_CONVERSION = YES;
				CLANG_WARN_OBJC_ROOT_CLASS = YES_ERROR;
				CLANG_WARN_UNREACHABLE_CODE = YES;
				CLANG_WARN__DUPLICATE_METHOD_MATCH = YES;
				"CODE_SIGN_IDENTITY[sdk=iphoneos*]" = "iPhone Developer";
				COPY_PHASE_STRIP = NO;
				DEBUG_INFORMATION_FORMAT = dwarf;
				ENABLE_STRICT_OBJC_MSGSEND = YES;
				ENABLE_TESTABILITY = YES;
				GCC_C_LANGUAGE_STANDARD = gnu99;
				GCC_DYNAMIC_NO_PIC = NO;
				GCC_NO_COMMON_BLOCKS = YES;
				GCC_OPTIMIZATION_LEVEL = 0;
				GCC_PREPROCESSOR_DEFINITIONS = (
					"DEBUG=1",
					"$(inherited)",
				);
				GCC_WARN_64_TO_32_BIT_CONVERSION = YES;
				GCC_WARN_ABOUT_RETURN_TYPE = YES_ERROR;
				GCC_WARN_UNDECLARED_SELECTOR = YES;
				GCC_WARN_UNINITIALIZED_AUTOS = YES_AGGRESSIVE;
				GCC_WARN_UNUSED_FUNCTION = YES;
				GCC_WARN_UNUSED_VARIABLE = YES;
				IPHONEOS_DEPLOYMENT_TARGET = 9.1;
				MTL_ENABLE_DEBUG_INFO = YES;
				ONLY_ACTIVE_ARCH = YES;
				SDKROOT = iphoneos;
				SWIFT_OPTIMIZATION_LEVEL = "-Onone";
			};
			name = Debug;
		};
		D51857BF1C0D966D003E9396 /* Release */ = {
			isa = XCBuildConfiguration;
			buildSettings = {
				ALWAYS_SEARCH_USER_PATHS = NO;
				CLANG_CXX_LANGUAGE_STANDARD = "gnu++0x";
				CLANG_CXX_LIBRARY = "libc++";
				CLANG_ENABLE_MODULES = YES;
				CLANG_ENABLE_OBJC_ARC = YES;
				CLANG_WARN_BOOL_CONVERSION = YES;
				CLANG_WARN_CONSTANT_CONVERSION = YES;
				CLANG_WARN_DIRECT_OBJC_ISA_USAGE = YES_ERROR;
				CLANG_WARN_EMPTY_BODY = YES;
				CLANG_WARN_ENUM_CONVERSION = YES;
				CLANG_WARN_INT_CONVERSION = YES;
				CLANG_WARN_OBJC_ROOT_CLASS = YES_ERROR;
				CLANG_WARN_UNREACHABLE_CODE = YES;
				CLANG_WARN__DUPLICATE_METHOD_MATCH = YES;
				"CODE_SIGN_IDENTITY[sdk=iphoneos*]" = "iPhone Developer";
				COPY_PHASE_STRIP = NO;
				DEBUG_INFORMATION_FORMAT = "dwarf-with-dsym";
				ENABLE_NS_ASSERTIONS = NO;
				ENABLE_STRICT_OBJC_MSGSEND = YES;
				GCC_C_LANGUAGE_STANDARD = gnu99;
				GCC_NO_COMMON_BLOCKS = YES;
				GCC_WARN_64_TO_32_BIT_CONVERSION = YES;
				GCC_WARN_ABOUT_RETURN_TYPE = YES_ERROR;
				GCC_WARN_UNDECLARED_SELECTOR = YES;
				GCC_WARN_UNINITIALIZED_AUTOS = YES_AGGRESSIVE;
				GCC_WARN_UNUSED_FUNCTION = YES;
				GCC_WARN_UNUSED_VARIABLE = YES;
				IPHONEOS_DEPLOYMENT_TARGET = 9.1;
				MTL_ENABLE_DEBUG_INFO = NO;
				SDKROOT = iphoneos;
				VALIDATE_PRODUCT = YES;
			};
			name = Release;
		};
		D51857C11C0D966D003E9396 /* Debug */ = {
			isa = XCBuildConfiguration;
			buildSettings = {
				ASSETCATALOG_COMPILER_APPICON_NAME = AppIcon;
				INFOPLIST_FILE = Chatalyst/Info.plist;
				LD_RUNPATH_SEARCH_PATHS = "$(inherited) @executable_path/Frameworks";
				PRODUCT_BUNDLE_IDENTIFIER = abheyraj.Chatalyst;
				PRODUCT_NAME = "$(TARGET_NAME)";
			};
			name = Debug;
		};
		D51857C21C0D966D003E9396 /* Release */ = {
			isa = XCBuildConfiguration;
			buildSettings = {
				ASSETCATALOG_COMPILER_APPICON_NAME = AppIcon;
				INFOPLIST_FILE = Chatalyst/Info.plist;
				LD_RUNPATH_SEARCH_PATHS = "$(inherited) @executable_path/Frameworks";
				PRODUCT_BUNDLE_IDENTIFIER = abheyraj.Chatalyst;
				PRODUCT_NAME = "$(TARGET_NAME)";
			};
			name = Release;
		};
/* End XCBuildConfiguration section */

/* Begin XCConfigurationList section */
		D51857A91C0D966D003E9396 /* Build configuration list for PBXProject "Chatalyst" */ = {
			isa = XCConfigurationList;
			buildConfigurations = (
				D51857BE1C0D966D003E9396 /* Debug */,
				D51857BF1C0D966D003E9396 /* Release */,
			);
			defaultConfigurationIsVisible = 0;
			defaultConfigurationName = Release;
		};
		D51857C01C0D966D003E9396 /* Build configuration list for PBXNativeTarget "Chatalyst" */ = {
			isa = XCConfigurationList;
			buildConfigurations = (
				D51857C11C0D966D003E9396 /* Debug */,
				D51857C21C0D966D003E9396 /* Release */,
			);
			defaultConfigurationIsVisible = 0;
		};
/* End XCConfigurationList section */
	};
	rootObject = D51857A61C0D966D003E9396 /* Project object */;
}
